
Microsoft Visual Studio Solution File, Format Version 12.00
# Visual Studio Version 17
VisualStudioVersion = 17.4.33205.214
MinimumVisualStudioVersion = 10.0.40219.1
Project("{FAE04EC0-301F-11D3-BF4B-00C04F79EFBC}") = "tapsiriq1", "tapsiriq1\tapsiriq1.csproj", "{600604EC-C316-49BA-8B25-AEF588142DDF}"
EndProject
Global
	GlobalSection(SolutionConfigurationPlatforms) = preSolution
		Debug|Any CPU = Debug|Any CPU
		Release|Any CPU = Release|Any CPU
	EndGlobalSection
	GlobalSection(ProjectConfigurationPlatforms) = postSolution
		{600604EC-C316-49BA-8B25-AEF588142DDF}.Debug|Any CPU.ActiveCfg = Debug|Any CPU
		{600604EC-C316-49BA-8B25-AEF588142DDF}.Debug|Any CPU.Build.0 = Debug|Any CPU
		{600604EC-C316-49BA-8B25-AEF588142DDF}.Release|Any CPU.ActiveCfg = Release|Any CPU
		{600604EC-C316-49BA-8B25-AEF588142DDF}.Release|Any CPU.Build.0 = Release|Any CPU
	EndGlobalSection
	GlobalSection(SolutionProperties) = preSolution
		HideSolutionNode = FALSE
	EndGlobalSection
	GlobalSection(ExtensibilityGlobals) = postSolution
		SolutionGuid = {C5A0714F-EACD-41ED-9269-3415DA77313A}
	EndGlobalSection
EndGlobal
